
Microsoft Visual Studio Solution File, Format Version 12.00
# Visual Studio 15
Project("{FAE04EC0-301F-11D3-BF4B-00C04F79EFBC}") = "Oculus.Interaction.Editor", "Oculus.Interaction.Editor.csproj", "{BE8C3F56-C166-17A4-D984-855D858BC9BA}"
EndProject
Project("{FAE04EC0-301F-11D3-BF4B-00C04F79EFBC}") = "Meta.WitAi.Conduit", "Meta.WitAi.Conduit.csproj", "{0D55627E-B20B-2B9D-26AE-D607FD80A4FF}"
EndProject
Project("{FAE04EC0-301F-11D3-BF4B-00C04F79EFBC}") = "Oculus.VR", "Oculus.VR.csproj", "{447EDF44-65C6-E6F3-9EEE-CAA342D69144}"
EndProject
Project("{FAE04EC0-301F-11D3-BF4B-00C04F79EFBC}") = "Oculus.Interaction", "Oculus.Interaction.csproj", "{EBE97EBB-5200-E078-D431-0B35D12B81F1}"
EndProject
Project("{FAE04EC0-301F-11D3-BF4B-00C04F79EFBC}") = "Meta.Voice.Samples.ShapesConduit", "Meta.Voice.Samples.ShapesConduit.csproj", "{AE791689-138D-83F8-C2AD-658A8A65A2C4}"
EndProject
Project("{FAE04EC0-301F-11D3-BF4B-00C04F79EFBC}") = "Oculus.Platform", "Oculus.Platform.csproj", "{728665AC-46D5-9C4C-2DC5-B85103B85551}"
EndProject
Project("{FAE04EC0-301F-11D3-BF4B-00C04F79EFBC}") = "Meta.WitAi.Editor", "Meta.WitAi.Editor.csproj", "{56FE6222-494F-0125-62CF-E216E6C71F7F}"
EndProject
Project("{FAE04EC0-301F-11D3-BF4B-00C04F79EFBC}") = "VoiceSDK.Telemetry", "VoiceSDK.Telemetry.csproj", "{78388219-F172-5FEB-A3EA-3E3B6F400913}"
EndProject
Project("{FAE04EC0-301F-11D3-BF4B-00C04F79EFBC}") = "Meta.WitAi.Conduit.Editor", "Meta.WitAi.Conduit.Editor.csproj", "{AF289922-7FC7-2D3F-7F2A-6FF9C1E6E3AA}"
EndProject
Project("{FAE04EC0-301F-11D3-BF4B-00C04F79EFBC}") = "Meta.WitAi", "Meta.WitAi.csproj", "{55D90A58-618F-3312-4364-71D495F1A5E4}"
EndProject
Project("{FAE04EC0-301F-11D3-BF4B-00C04F79EFBC}") = "Oculus.Interaction.OVR.Samples", "Oculus.Interaction.OVR.Samples.csproj", "{4B07872D-DA5E-17A9-4C03-0960BEED54F5}"
EndProject
Project("{FAE04EC0-301F-11D3-BF4B-00C04F79EFBC}") = "Assembly-CSharp", "Assembly-CSharp.csproj", "{A7A276EB-1192-9F79-B4CC-31A2B0E18347}"
EndProject
Project("{FAE04EC0-301F-11D3-BF4B-00C04F79EFBC}") = "Meta.WitAi.Lib", "Meta.WitAi.Lib.csproj", "{26D7EF4A-B41E-39D7-0ECD-DD89FC7E5B19}"
EndProject
Project("{FAE04EC0-301F-11D3-BF4B-00C04F79EFBC}") = "Oculus.VR.Editor", "Oculus.VR.Editor.csproj", "{E63ABF82-5919-21E3-CA09-C2272685D0E5}"
EndProject
Project("{FAE04EC0-301F-11D3-BF4B-00C04F79EFBC}") = "Meta.Voice.Hub.Runtime", "Meta.Voice.Hub.Runtime.csproj", "{F0D520B2-8662-5FC2-36AA-091800C63C68}"
EndProject
Project("{FAE04EC0-301F-11D3-BF4B-00C04F79EFBC}") = "Oculus.Interaction.OVR.Editor", "Oculus.Interaction.OVR.Editor.csproj", "{AE3D9B89-D05D-E592-2A0A-577DAA791A29}"
EndProject
Project("{FAE04EC0-301F-11D3-BF4B-00C04F79EFBC}") = "VoiceSDK.Dictation.Runtime", "VoiceSDK.Dictation.Runtime.csproj", "{9B4AA750-A212-F513-ABEE-2E512E4E56CC}"
EndProject
Project("{FAE04EC0-301F-11D3-BF4B-00C04F79EFBC}") = "Oculus.LipSync", "Oculus.LipSync.csproj", "{27F7D66F-A204-3190-94A6-3C97A2C90867}"
EndProject
Project("{FAE04EC0-301F-11D3-BF4B-00C04F79EFBC}") = "Oculus.Interaction.OVR", "Oculus.Interaction.OVR.csproj", "{D8E24AED-C853-A786-A309-284BD4205B09}"
EndProject
Project("{FAE04EC0-301F-11D3-BF4B-00C04F79EFBC}") = "Meta.Voice.Hub.Editor", "Meta.Voice.Hub.Editor.csproj", "{57F01300-BCDF-A7F0-E00B-5100692ED18B}"
EndProject
Project("{FAE04EC0-301F-11D3-BF4B-00C04F79EFBC}") = "VoiceSDK.Editor", "VoiceSDK.Editor.csproj", "{BA17BBED-75F1-7994-6E4D-A0D2E4A58BEE}"
EndProject
Project("{FAE04EC0-301F-11D3-BF4B-00C04F79EFBC}") = "Meta.WitAI.Lib.Editor", "Meta.WitAI.Lib.Editor.csproj", "{AA07F007-2311-EE94-E6B6-8264BC682C9B}"
EndProject
Project("{FAE04EC0-301F-11D3-BF4B-00C04F79EFBC}") = "Oculus.Spatializer.Editor", "Oculus.Spatializer.Editor.csproj", "{087EE719-8BDC-AA27-A948-5CB10499F599}"
EndProject
Project("{FAE04EC0-301F-11D3-BF4B-00C04F79EFBC}") = "AssistantCoreSDKRuntime", "AssistantCoreSDKRuntime.csproj", "{1A0E3621-3C6C-533C-303E-7F2174CA2E94}"
EndProject
Project("{FAE04EC0-301F-11D3-BF4B-00C04F79EFBC}") = "VoiceSDK.Runtime", "VoiceSDK.Runtime.csproj", "{27EFD190-BE9C-1884-A015-BAE21289684D}"
EndProject
Project("{FAE04EC0-301F-11D3-BF4B-00C04F79EFBC}") = "Facebook.Wit.Dictation", "Facebook.Wit.Dictation.csproj", "{DF7F8B08-F5C0-647E-5F63-746A27608EBF}"
EndProject
Project("{FAE04EC0-301F-11D3-BF4B-00C04F79EFBC}") = "Oculus.AudioManager", "Oculus.AudioManager.csproj", "{F083EEBE-6D43-2FAB-8DC3-8A082740D098}"
EndProject
Project("{FAE04EC0-301F-11D3-BF4B-00C04F79EFBC}") = "Meta.Voice.Samples.BuiltInTimer", "Meta.Voice.Samples.BuiltInTimer.csproj", "{021DA524-FB42-06CE-04FE-23FBA2C11AB3}"
EndProject
Project("{FAE04EC0-301F-11D3-BF4B-00C04F79EFBC}") = "Oculus.Platform.Editor", "Oculus.Platform.Editor.csproj", "{D6544FEF-BD8E-6A9D-607F-8B106D9D910B}"
EndProject
Project("{FAE04EC0-301F-11D3-BF4B-00C04F79EFBC}") = "Meta.XR.BuildingBlocks.Editor", "Meta.XR.BuildingBlocks.Editor.csproj", "{43AFDB61-41DB-F38A-C0BA-D8CB66734CD2}"
EndProject
Project("{FAE04EC0-301F-11D3-BF4B-00C04F79EFBC}") = "Meta.Voice.Samples.TTSVoices", "Meta.Voice.Samples.TTSVoices.csproj", "{4A182AF3-3655-F9BD-48B3-534524AA20F7}"
EndProject
Project("{FAE04EC0-301F-11D3-BF4B-00C04F79EFBC}") = "Meta.Voice.VSDKHub.Editor", "Meta.Voice.VSDKHub.Editor.csproj", "{339BFA49-23C0-3099-774F-14AFB5AF27E3}"
EndProject
Project("{FAE04EC0-301F-11D3-BF4B-00C04F79EFBC}") = "Meta.WitAi.TTS", "Meta.WitAi.TTS.csproj", "{7F13C457-D890-3364-BD41-A942C8D44305}"
EndProject
Project("{FAE04EC0-301F-11D3-BF4B-00C04F79EFBC}") = "Oculus.AudioManager.Audio.Editor", "Oculus.AudioManager.Audio.Editor.csproj", "{562683D4-3EC6-6E37-3A45-BFF02F672849}"
EndProject
Project("{FAE04EC0-301F-11D3-BF4B-00C04F79EFBC}") = "Assembly-CSharp-Editor", "Assembly-CSharp-Editor.csproj", "{9094F664-108F-E5F6-693A-63B80C88270C}"
EndProject
Project("{FAE04EC0-301F-11D3-BF4B-00C04F79EFBC}") = "Meta.Voice.Samples.Chess", "Meta.Voice.Samples.Chess.csproj", "{6398ED39-F0BA-6B4D-B778-01A7725284BE}"
EndProject
Project("{FAE04EC0-301F-11D3-BF4B-00C04F79EFBC}") = "Oculus.VR.Scripts.Editor", "Oculus.VR.Scripts.Editor.csproj", "{7E585346-4B8C-99F2-F1C2-428682A4E732}"
EndProject
Project("{FAE04EC0-301F-11D3-BF4B-00C04F79EFBC}") = "Meta.Voice.Samples.LightTraits", "Meta.Voice.Samples.LightTraits.csproj", "{12779BA1-8006-D32C-C162-9F85FE861267}"
EndProject
Project("{FAE04EC0-301F-11D3-BF4B-00C04F79EFBC}") = "Meta.Voice.Samples.Dictation", "Meta.Voice.Samples.Dictation.csproj", "{C707787E-E893-CCE5-7AF9-3D6916297420}"
EndProject
Project("{FAE04EC0-301F-11D3-BF4B-00C04F79EFBC}") = "Meta.Voice.Samples.Shapes", "Meta.Voice.Samples.Shapes.csproj", "{D15E1053-968B-FAFC-A48A-845A0A15B75B}"
EndProject
Project("{FAE04EC0-301F-11D3-BF4B-00C04F79EFBC}") = "Oculus.Interaction.Samples.Editor", "Oculus.Interaction.Samples.Editor.csproj", "{D97F432A-D862-19B0-AE6B-0F77268AA25F}"
EndProject
Project("{FAE04EC0-301F-11D3-BF4B-00C04F79EFBC}") = "Meta.WitAi.TTS.Editor", "Meta.WitAi.TTS.Editor.csproj", "{AF5A7AC4-DEB6-F746-3B7A-65C04EFC58EA}"
EndProject
Project("{FAE04EC0-301F-11D3-BF4B-00C04F79EFBC}") = "Meta.XR.BuildingBlocks", "Meta.XR.BuildingBlocks.csproj", "{D6F9516D-A1DC-8D6B-0D21-F3F0F235D0EC}"
EndProject
Project("{FAE04EC0-301F-11D3-BF4B-00C04F79EFBC}") = "Oculus.Spatializer", "Oculus.Spatializer.csproj", "{8DA9F575-36CF-C07C-0C98-0EAA497E172A}"
EndProject
Project("{FAE04EC0-301F-11D3-BF4B-00C04F79EFBC}") = "Oculus.LipSync.Editor", "Oculus.LipSync.Editor.csproj", "{9A914ED5-ECA5-F885-2B57-ADA727F504CA}"
EndProject
Project("{FAE04EC0-301F-11D3-BF4B-00C04F79EFBC}") = "Oculus.AudioManager.Utils.Editor", "Oculus.AudioManager.Utils.Editor.csproj", "{4FA73F04-1327-41B9-C18F-C6ACF806FF76}"
EndProject
Project("{FAE04EC0-301F-11D3-BF4B-00C04F79EFBC}") = "Meta.VoiceSDK.Mic.Common", "Meta.VoiceSDK.Mic.Common.csproj", "{F66A2199-1B03-9257-81C7-97EBE4D4E4A0}"
EndProject
Project("{FAE04EC0-301F-11D3-BF4B-00C04F79EFBC}") = "VoiceSDK.Dictation.Editor", "VoiceSDK.Dictation.Editor.csproj", "{BF39DEA4-94B6-106D-F42A-55C497A4DA6B}"
EndProject
Project("{FAE04EC0-301F-11D3-BF4B-00C04F79EFBC}") = "Meta.VoiceSDK.Mic.Other", "Meta.VoiceSDK.Mic.Other.csproj", "{31C1B07A-67DC-8B78-B042-1F1C39ADABC8}"
EndProject
Project("{FAE04EC0-301F-11D3-BF4B-00C04F79EFBC}") = "AssistantCoreSDKEditor", "AssistantCoreSDKEditor.csproj", "{18E63A7E-BCCB-57FF-E8F9-DD674C84DD76}"
EndProject
Project("{FAE04EC0-301F-11D3-BF4B-00C04F79EFBC}") = "Oculus.Interaction.InterfaceSupport", "Oculus.Interaction.InterfaceSupport.csproj", "{8FF60ED0-A5A9-D3CD-ED86-D8C2C7333073}"
EndProject
Project("{FAE04EC0-301F-11D3-BF4B-00C04F79EFBC}") = "Meta.Voice.Samples.LiveUnderstanding", "Meta.Voice.Samples.LiveUnderstanding.csproj", "{648C66D0-09DD-9FE7-D74D-343B7BCD8260}"
EndProject
Project("{FAE04EC0-301F-11D3-BF4B-00C04F79EFBC}") = "Facebook.Wit.Dictation.Editor", "Facebook.Wit.Dictation.Editor.csproj", "{0EF64E0F-72CA-B8A7-0CB0-A3F1A9352898}"
EndProject
Project("{FAE04EC0-301F-11D3-BF4B-00C04F79EFBC}") = "Meta.VoiceSDK.Mic.WebGL", "Meta.VoiceSDK.Mic.WebGL.csproj", "{E00CAF8A-0D29-3F5C-B9EC-5068970BE021}"
EndProject
Global
	GlobalSection(SolutionConfigurationPlatforms) = preSolution
		Debug|Any CPU = Debug|Any CPU
		Release|Any CPU = Release|Any CPU
	EndGlobalSection
	GlobalSection(ProjectConfigurationPlatforms) = postSolution
		{BE8C3F56-C166-17A4-D984-855D858BC9BA}.Debug|Any CPU.ActiveCfg = Debug|Any CPU
		{BE8C3F56-C166-17A4-D984-855D858BC9BA}.Debug|Any CPU.Build.0 = Debug|Any CPU
		{BE8C3F56-C166-17A4-D984-855D858BC9BA}.Release|Any CPU.ActiveCfg = Release|Any CPU
		{BE8C3F56-C166-17A4-D984-855D858BC9BA}.Release|Any CPU.Build.0 = Release|Any CPU
		{0D55627E-B20B-2B9D-26AE-D607FD80A4FF}.Debug|Any CPU.ActiveCfg = Debug|Any CPU
		{0D55627E-B20B-2B9D-26AE-D607FD80A4FF}.Debug|Any CPU.Build.0 = Debug|Any CPU
		{0D55627E-B20B-2B9D-26AE-D607FD80A4FF}.Release|Any CPU.ActiveCfg = Release|Any CPU
		{0D55627E-B20B-2B9D-26AE-D607FD80A4FF}.Release|Any CPU.Build.0 = Release|Any CPU
		{447EDF44-65C6-E6F3-9EEE-CAA342D69144}.Debug|Any CPU.ActiveCfg = Debug|Any CPU
		{447EDF44-65C6-E6F3-9EEE-CAA342D69144}.Debug|Any CPU.Build.0 = Debug|Any CPU
		{447EDF44-65C6-E6F3-9EEE-CAA342D69144}.Release|Any CPU.ActiveCfg = Release|Any CPU
		{447EDF44-65C6-E6F3-9EEE-CAA342D69144}.Release|Any CPU.Build.0 = Release|Any CPU
		{EBE97EBB-5200-E078-D431-0B35D12B81F1}.Debug|Any CPU.ActiveCfg = Debug|Any CPU
		{EBE97EBB-5200-E078-D431-0B35D12B81F1}.Debug|Any CPU.Build.0 = Debug|Any CPU
		{EBE97EBB-5200-E078-D431-0B35D12B81F1}.Release|Any CPU.ActiveCfg = Release|Any CPU
		{EBE97EBB-5200-E078-D431-0B35D12B81F1}.Release|Any CPU.Build.0 = Release|Any CPU
		{AE791689-138D-83F8-C2AD-658A8A65A2C4}.Debug|Any CPU.ActiveCfg = Debug|Any CPU
		{AE791689-138D-83F8-C2AD-658A8A65A2C4}.Debug|Any CPU.Build.0 = Debug|Any CPU
		{AE791689-138D-83F8-C2AD-658A8A65A2C4}.Release|Any CPU.ActiveCfg = Release|Any CPU
		{AE791689-138D-83F8-C2AD-658A8A65A2C4}.Release|Any CPU.Build.0 = Release|Any CPU
		{728665AC-46D5-9C4C-2DC5-B85103B85551}.Debug|Any CPU.ActiveCfg = Debug|Any CPU
		{728665AC-46D5-9C4C-2DC5-B85103B85551}.Debug|Any CPU.Build.0 = Debug|Any CPU
		{728665AC-46D5-9C4C-2DC5-B85103B85551}.Release|Any CPU.ActiveCfg = Release|Any CPU
		{728665AC-46D5-9C4C-2DC5-B85103B85551}.Release|Any CPU.Build.0 = Release|Any CPU
		{56FE6222-494F-0125-62CF-E216E6C71F7F}.Debug|Any CPU.ActiveCfg = Debug|Any CPU
		{56FE6222-494F-0125-62CF-E216E6C71F7F}.Debug|Any CPU.Build.0 = Debug|Any CPU
		{56FE6222-494F-0125-62CF-E216E6C71F7F}.Release|Any CPU.ActiveCfg = Release|Any CPU
		{56FE6222-494F-0125-62CF-E216E6C71F7F}.Release|Any CPU.Build.0 = Release|Any CPU
		{78388219-F172-5FEB-A3EA-3E3B6F400913}.Debug|Any CPU.ActiveCfg = Debug|Any CPU
		{78388219-F172-5FEB-A3EA-3E3B6F400913}.Debug|Any CPU.Build.0 = Debug|Any CPU
		{78388219-F172-5FEB-A3EA-3E3B6F400913}.Release|Any CPU.ActiveCfg = Release|Any CPU
		{78388219-F172-5FEB-A3EA-3E3B6F400913}.Release|Any CPU.Build.0 = Release|Any CPU
		{AF289922-7FC7-2D3F-7F2A-6FF9C1E6E3AA}.Debug|Any CPU.ActiveCfg = Debug|Any CPU
		{AF289922-7FC7-2D3F-7F2A-6FF9C1E6E3AA}.Debug|Any CPU.Build.0 = Debug|Any CPU
		{AF289922-7FC7-2D3F-7F2A-6FF9C1E6E3AA}.Release|Any CPU.ActiveCfg = Release|Any CPU
		{AF289922-7FC7-2D3F-7F2A-6FF9C1E6E3AA}.Release|Any CPU.Build.0 = Release|Any CPU
		{55D90A58-618F-3312-4364-71D495F1A5E4}.Debug|Any CPU.ActiveCfg = Debug|Any CPU
		{55D90A58-618F-3312-4364-71D495F1A5E4}.Debug|Any CPU.Build.0 = Debug|Any CPU
		{55D90A58-618F-3312-4364-71D495F1A5E4}.Release|Any CPU.ActiveCfg = Release|Any CPU
		{55D90A58-618F-3312-4364-71D495F1A5E4}.Release|Any CPU.Build.0 = Release|Any CPU
		{4B07872D-DA5E-17A9-4C03-0960BEED54F5}.Debug|Any CPU.ActiveCfg = Debug|Any CPU
		{4B07872D-DA5E-17A9-4C03-0960BEED54F5}.Debug|Any CPU.Build.0 = Debug|Any CPU
		{4B07872D-DA5E-17A9-4C03-0960BEED54F5}.Release|Any CPU.ActiveCfg = Release|Any CPU
		{4B07872D-DA5E-17A9-4C03-0960BEED54F5}.Release|Any CPU.Build.0 = Release|Any CPU
		{A7A276EB-1192-9F79-B4CC-31A2B0E18347}.Debug|Any CPU.ActiveCfg = Debug|Any CPU
		{A7A276EB-1192-9F79-B4CC-31A2B0E18347}.Debug|Any CPU.Build.0 = Debug|Any CPU
		{A7A276EB-1192-9F79-B4CC-31A2B0E18347}.Release|Any CPU.ActiveCfg = Release|Any CPU
		{A7A276EB-1192-9F79-B4CC-31A2B0E18347}.Release|Any CPU.Build.0 = Release|Any CPU
		{26D7EF4A-B41E-39D7-0ECD-DD89FC7E5B19}.Debug|Any CPU.ActiveCfg = Debug|Any CPU
		{26D7EF4A-B41E-39D7-0ECD-DD89FC7E5B19}.Debug|Any CPU.Build.0 = Debug|Any CPU
		{26D7EF4A-B41E-39D7-0ECD-DD89FC7E5B19}.Release|Any CPU.ActiveCfg = Release|Any CPU
		{26D7EF4A-B41E-39D7-0ECD-DD89FC7E5B19}.Release|Any CPU.Build.0 = Release|Any CPU
		{E63ABF82-5919-21E3-CA09-C2272685D0E5}.Debug|Any CPU.ActiveCfg = Debug|Any CPU
		{E63ABF82-5919-21E3-CA09-C2272685D0E5}.Debug|Any CPU.Build.0 = Debug|Any CPU
		{E63ABF82-5919-21E3-CA09-C2272685D0E5}.Release|Any CPU.ActiveCfg = Release|Any CPU
		{E63ABF82-5919-21E3-CA09-C2272685D0E5}.Release|Any CPU.Build.0 = Release|Any CPU
		{F0D520B2-8662-5FC2-36AA-091800C63C68}.Debug|Any CPU.ActiveCfg = Debug|Any CPU
		{F0D520B2-8662-5FC2-36AA-091800C63C68}.Debug|Any CPU.Build.0 = Debug|Any CPU
		{F0D520B2-8662-5FC2-36AA-091800C63C68}.Release|Any CPU.ActiveCfg = Release|Any CPU
		{F0D520B2-8662-5FC2-36AA-091800C63C68}.Release|Any CPU.Build.0 = Release|Any CPU
		{AE3D9B89-D05D-E592-2A0A-577DAA791A29}.Debug|Any CPU.ActiveCfg = Debug|Any CPU
		{AE3D9B89-D05D-E592-2A0A-577DAA791A29}.Debug|Any CPU.Build.0 = Debug|Any CPU
		{AE3D9B89-D05D-E592-2A0A-577DAA791A29}.Release|Any CPU.ActiveCfg = Release|Any CPU
		{AE3D9B89-D05D-E592-2A0A-577DAA791A29}.Release|Any CPU.Build.0 = Release|Any CPU
		{9B4AA750-A212-F513-ABEE-2E512E4E56CC}.Debug|Any CPU.ActiveCfg = Debug|Any CPU
		{9B4AA750-A212-F513-ABEE-2E512E4E56CC}.Debug|Any CPU.Build.0 = Debug|Any CPU
		{9B4AA750-A212-F513-ABEE-2E512E4E56CC}.Release|Any CPU.ActiveCfg = Release|Any CPU
		{9B4AA750-A212-F513-ABEE-2E512E4E56CC}.Release|Any CPU.Build.0 = Release|Any CPU
		{27F7D66F-A204-3190-94A6-3C97A2C90867}.Debug|Any CPU.ActiveCfg = Debug|Any CPU
		{27F7D66F-A204-3190-94A6-3C97A2C90867}.Debug|Any CPU.Build.0 = Debug|Any CPU
		{27F7D66F-A204-3190-94A6-3C97A2C90867}.Release|Any CPU.ActiveCfg = Release|Any CPU
		{27F7D66F-A204-3190-94A6-3C97A2C90867}.Release|Any CPU.Build.0 = Release|Any CPU
		{D8E24AED-C853-A786-A309-284BD4205B09}.Debug|Any CPU.ActiveCfg = Debug|Any CPU
		{D8E24AED-C853-A786-A309-284BD4205B09}.Debug|Any CPU.Build.0 = Debug|Any CPU
		{D8E24AED-C853-A786-A309-284BD4205B09}.Release|Any CPU.ActiveCfg = Release|Any CPU
		{D8E24AED-C853-A786-A309-284BD4205B09}.Release|Any CPU.Build.0 = Release|Any CPU
		{57F01300-BCDF-A7F0-E00B-5100692ED18B}.Debug|Any CPU.ActiveCfg = Debug|Any CPU
		{57F01300-BCDF-A7F0-E00B-5100692ED18B}.Debug|Any CPU.Build.0 = Debug|Any CPU
		{57F01300-BCDF-A7F0-E00B-5100692ED18B}.Release|Any CPU.ActiveCfg = Release|Any CPU
		{57F01300-BCDF-A7F0-E00B-5100692ED18B}.Release|Any CPU.Build.0 = Release|Any CPU
		{BA17BBED-75F1-7994-6E4D-A0D2E4A58BEE}.Debug|Any CPU.ActiveCfg = Debug|Any CPU
		{BA17BBED-75F1-7994-6E4D-A0D2E4A58BEE}.Debug|Any CPU.Build.0 = Debug|Any CPU
		{BA17BBED-75F1-7994-6E4D-A0D2E4A58BEE}.Release|Any CPU.ActiveCfg = Release|Any CPU
		{BA17BBED-75F1-7994-6E4D-A0D2E4A58BEE}.Release|Any CPU.Build.0 = Release|Any CPU
		{AA07F007-2311-EE94-E6B6-8264BC682C9B}.Debug|Any CPU.ActiveCfg = Debug|Any CPU
		{AA07F007-2311-EE94-E6B6-8264BC682C9B}.Debug|Any CPU.Build.0 = Debug|Any CPU
		{AA07F007-2311-EE94-E6B6-8264BC682C9B}.Release|Any CPU.ActiveCfg = Release|Any CPU
		{AA07F007-2311-EE94-E6B6-8264BC682C9B}.Release|Any CPU.Build.0 = Release|Any CPU
		{087EE719-8BDC-AA27-A948-5CB10499F599}.Debug|Any CPU.ActiveCfg = Debug|Any CPU
		{087EE719-8BDC-AA27-A948-5CB10499F599}.Debug|Any CPU.Build.0 = Debug|Any CPU
		{087EE719-8BDC-AA27-A948-5CB10499F599}.Release|Any CPU.ActiveCfg = Release|Any CPU
		{087EE719-8BDC-AA27-A948-5CB10499F599}.Release|Any CPU.Build.0 = Release|Any CPU
		{1A0E3621-3C6C-533C-303E-7F2174CA2E94}.Debug|Any CPU.ActiveCfg = Debug|Any CPU
		{1A0E3621-3C6C-533C-303E-7F2174CA2E94}.Debug|Any CPU.Build.0 = Debug|Any CPU
		{1A0E3621-3C6C-533C-303E-7F2174CA2E94}.Release|Any CPU.ActiveCfg = Release|Any CPU
		{1A0E3621-3C6C-533C-303E-7F2174CA2E94}.Release|Any CPU.Build.0 = Release|Any CPU
		{27EFD190-BE9C-1884-A015-BAE21289684D}.Debug|Any CPU.ActiveCfg = Debug|Any CPU
		{27EFD190-BE9C-1884-A015-BAE21289684D}.Debug|Any CPU.Build.0 = Debug|Any CPU
		{27EFD190-BE9C-1884-A015-BAE21289684D}.Release|Any CPU.ActiveCfg = Release|Any CPU
		{27EFD190-BE9C-1884-A015-BAE21289684D}.Release|Any CPU.Build.0 = Release|Any CPU
		{DF7F8B08-F5C0-647E-5F63-746A27608EBF}.Debug|Any CPU.ActiveCfg = Debug|Any CPU
		{DF7F8B08-F5C0-647E-5F63-746A27608EBF}.Debug|Any CPU.Build.0 = Debug|Any CPU
		{DF7F8B08-F5C0-647E-5F63-746A27608EBF}.Release|Any CPU.ActiveCfg = Release|Any CPU
		{DF7F8B08-F5C0-647E-5F63-746A27608EBF}.Release|Any CPU.Build.0 = Release|Any CPU
		{F083EEBE-6D43-2FAB-8DC3-8A082740D098}.Debug|Any CPU.ActiveCfg = Debug|Any CPU
		{F083EEBE-6D43-2FAB-8DC3-8A082740D098}.Debug|Any CPU.Build.0 = Debug|Any CPU
		{F083EEBE-6D43-2FAB-8DC3-8A082740D098}.Release|Any CPU.ActiveCfg = Release|Any CPU
		{F083EEBE-6D43-2FAB-8DC3-8A082740D098}.Release|Any CPU.Build.0 = Release|Any CPU
		{021DA524-FB42-06CE-04FE-23FBA2C11AB3}.Debug|Any CPU.ActiveCfg = Debug|Any CPU
		{021DA524-FB42-06CE-04FE-23FBA2C11AB3}.Debug|Any CPU.Build.0 = Debug|Any CPU
		{021DA524-FB42-06CE-04FE-23FBA2C11AB3}.Release|Any CPU.ActiveCfg = Release|Any CPU
		{021DA524-FB42-06CE-04FE-23FBA2C11AB3}.Release|Any CPU.Build.0 = Release|Any CPU
		{D6544FEF-BD8E-6A9D-607F-8B106D9D910B}.Debug|Any CPU.ActiveCfg = Debug|Any CPU
		{D6544FEF-BD8E-6A9D-607F-8B106D9D910B}.Debug|Any CPU.Build.0 = Debug|Any CPU
		{D6544FEF-BD8E-6A9D-607F-8B106D9D910B}.Release|Any CPU.ActiveCfg = Release|Any CPU
		{D6544FEF-BD8E-6A9D-607F-8B106D9D910B}.Release|Any CPU.Build.0 = Release|Any CPU
		{43AFDB61-41DB-F38A-C0BA-D8CB66734CD2}.Debug|Any CPU.ActiveCfg = Debug|Any CPU
		{43AFDB61-41DB-F38A-C0BA-D8CB66734CD2}.Debug|Any CPU.Build.0 = Debug|Any CPU
		{43AFDB61-41DB-F38A-C0BA-D8CB66734CD2}.Release|Any CPU.ActiveCfg = Release|Any CPU
		{43AFDB61-41DB-F38A-C0BA-D8CB66734CD2}.Release|Any CPU.Build.0 = Release|Any CPU
		{4A182AF3-3655-F9BD-48B3-534524AA20F7}.Debug|Any CPU.ActiveCfg = Debug|Any CPU
		{4A182AF3-3655-F9BD-48B3-534524AA20F7}.Debug|Any CPU.Build.0 = Debug|Any CPU
		{4A182AF3-3655-F9BD-48B3-534524AA20F7}.Release|Any CPU.ActiveCfg = Release|Any CPU
		{4A182AF3-3655-F9BD-48B3-534524AA20F7}.Release|Any CPU.Build.0 = Release|Any CPU
		{339BFA49-23C0-3099-774F-14AFB5AF27E3}.Debug|Any CPU.ActiveCfg = Debug|Any CPU
		{339BFA49-23C0-3099-774F-14AFB5AF27E3}.Debug|Any CPU.Build.0 = Debug|Any CPU
		{339BFA49-23C0-3099-774F-14AFB5AF27E3}.Release|Any CPU.ActiveCfg = Release|Any CPU
		{339BFA49-23C0-3099-774F-14AFB5AF27E3}.Release|Any CPU.Build.0 = Release|Any CPU
		{7F13C457-D890-3364-BD41-A942C8D44305}.Debug|Any CPU.ActiveCfg = Debug|Any CPU
		{7F13C457-D890-3364-BD41-A942C8D44305}.Debug|Any CPU.Build.0 = Debug|Any CPU
		{7F13C457-D890-3364-BD41-A942C8D44305}.Release|Any CPU.ActiveCfg = Release|Any CPU
		{7F13C457-D890-3364-BD41-A942C8D44305}.Release|Any CPU.Build.0 = Release|Any CPU
		{562683D4-3EC6-6E37-3A45-BFF02F672849}.Debug|Any CPU.ActiveCfg = Debug|Any CPU
		{562683D4-3EC6-6E37-3A45-BFF02F672849}.Debug|Any CPU.Build.0 = Debug|Any CPU
		{562683D4-3EC6-6E37-3A45-BFF02F672849}.Release|Any CPU.ActiveCfg = Release|Any CPU
		{562683D4-3EC6-6E37-3A45-BFF02F672849}.Release|Any CPU.Build.0 = Release|Any CPU
		{9094F664-108F-E5F6-693A-63B80C88270C}.Debug|Any CPU.ActiveCfg = Debug|Any CPU
		{9094F664-108F-E5F6-693A-63B80C88270C}.Debug|Any CPU.Build.0 = Debug|Any CPU
		{9094F664-108F-E5F6-693A-63B80C88270C}.Release|Any CPU.ActiveCfg = Release|Any CPU
		{9094F664-108F-E5F6-693A-63B80C88270C}.Release|Any CPU.Build.0 = Release|Any CPU
		{6398ED39-F0BA-6B4D-B778-01A7725284BE}.Debug|Any CPU.ActiveCfg = Debug|Any CPU
		{6398ED39-F0BA-6B4D-B778-01A7725284BE}.Debug|Any CPU.Build.0 = Debug|Any CPU
		{6398ED39-F0BA-6B4D-B778-01A7725284BE}.Release|Any CPU.ActiveCfg = Release|Any CPU
		{6398ED39-F0BA-6B4D-B778-01A7725284BE}.Release|Any CPU.Build.0 = Release|Any CPU
		{7E585346-4B8C-99F2-F1C2-428682A4E732}.Debug|Any CPU.ActiveCfg = Debug|Any CPU
		{7E585346-4B8C-99F2-F1C2-428682A4E732}.Debug|Any CPU.Build.0 = Debug|Any CPU
		{7E585346-4B8C-99F2-F1C2-428682A4E732}.Release|Any CPU.ActiveCfg = Release|Any CPU
		{7E585346-4B8C-99F2-F1C2-428682A4E732}.Release|Any CPU.Build.0 = Release|Any CPU
		{12779BA1-8006-D32C-C162-9F85FE861267}.Debug|Any CPU.ActiveCfg = Debug|Any CPU
		{12779BA1-8006-D32C-C162-9F85FE861267}.Debug|Any CPU.Build.0 = Debug|Any CPU
		{12779BA1-8006-D32C-C162-9F85FE861267}.Release|Any CPU.ActiveCfg = Release|Any CPU
		{12779BA1-8006-D32C-C162-9F85FE861267}.Release|Any CPU.Build.0 = Release|Any CPU
		{C707787E-E893-CCE5-7AF9-3D6916297420}.Debug|Any CPU.ActiveCfg = Debug|Any CPU
		{C707787E-E893-CCE5-7AF9-3D6916297420}.Debug|Any CPU.Build.0 = Debug|Any CPU
		{C707787E-E893-CCE5-7AF9-3D6916297420}.Release|Any CPU.ActiveCfg = Release|Any CPU
		{C707787E-E893-CCE5-7AF9-3D6916297420}.Release|Any CPU.Build.0 = Release|Any CPU
		{D15E1053-968B-FAFC-A48A-845A0A15B75B}.Debug|Any CPU.ActiveCfg = Debug|Any CPU
		{D15E1053-968B-FAFC-A48A-845A0A15B75B}.Debug|Any CPU.Build.0 = Debug|Any CPU
		{D15E1053-968B-FAFC-A48A-845A0A15B75B}.Release|Any CPU.ActiveCfg = Release|Any CPU
		{D15E1053-968B-FAFC-A48A-845A0A15B75B}.Release|Any CPU.Build.0 = Release|Any CPU
		{D97F432A-D862-19B0-AE6B-0F77268AA25F}.Debug|Any CPU.ActiveCfg = Debug|Any CPU
		{D97F432A-D862-19B0-AE6B-0F77268AA25F}.Debug|Any CPU.Build.0 = Debug|Any CPU
		{D97F432A-D862-19B0-AE6B-0F77268AA25F}.Release|Any CPU.ActiveCfg = Release|Any CPU
		{D97F432A-D862-19B0-AE6B-0F77268AA25F}.Release|Any CPU.Build.0 = Release|Any CPU
		{AF5A7AC4-DEB6-F746-3B7A-65C04EFC58EA}.Debug|Any CPU.ActiveCfg = Debug|Any CPU
		{AF5A7AC4-DEB6-F746-3B7A-65C04EFC58EA}.Debug|Any CPU.Build.0 = Debug|Any CPU
		{AF5A7AC4-DEB6-F746-3B7A-65C04EFC58EA}.Release|Any CPU.ActiveCfg = Release|Any CPU
		{AF5A7AC4-DEB6-F746-3B7A-65C04EFC58EA}.Release|Any CPU.Build.0 = Release|Any CPU
		{D6F9516D-A1DC-8D6B-0D21-F3F0F235D0EC}.Debug|Any CPU.ActiveCfg = Debug|Any CPU
		{D6F9516D-A1DC-8D6B-0D21-F3F0F235D0EC}.Debug|Any CPU.Build.0 = Debug|Any CPU
		{D6F9516D-A1DC-8D6B-0D21-F3F0F235D0EC}.Release|Any CPU.ActiveCfg = Release|Any CPU
		{D6F9516D-A1DC-8D6B-0D21-F3F0F235D0EC}.Release|Any CPU.Build.0 = Release|Any CPU
		{8DA9F575-36CF-C07C-0C98-0EAA497E172A}.Debug|Any CPU.ActiveCfg = Debug|Any CPU
		{8DA9F575-36CF-C07C-0C98-0EAA497E172A}.Debug|Any CPU.Build.0 = Debug|Any CPU
		{8DA9F575-36CF-C07C-0C98-0EAA497E172A}.Release|Any CPU.ActiveCfg = Release|Any CPU
		{8DA9F575-36CF-C07C-0C98-0EAA497E172A}.Release|Any CPU.Build.0 = Release|Any CPU
		{9A914ED5-ECA5-F885-2B57-ADA727F504CA}.Debug|Any CPU.ActiveCfg = Debug|Any CPU
		{9A914ED5-ECA5-F885-2B57-ADA727F504CA}.Debug|Any CPU.Build.0 = Debug|Any CPU
		{9A914ED5-ECA5-F885-2B57-ADA727F504CA}.Release|Any CPU.ActiveCfg = Release|Any CPU
		{9A914ED5-ECA5-F885-2B57-ADA727F504CA}.Release|Any CPU.Build.0 = Release|Any CPU
		{4FA73F04-1327-41B9-C18F-C6ACF806FF76}.Debug|Any CPU.ActiveCfg = Debug|Any CPU
		{4FA73F04-1327-41B9-C18F-C6ACF806FF76}.Debug|Any CPU.Build.0 = Debug|Any CPU
		{4FA73F04-1327-41B9-C18F-C6ACF806FF76}.Release|Any CPU.ActiveCfg = Release|Any CPU
		{4FA73F04-1327-41B9-C18F-C6ACF806FF76}.Release|Any CPU.Build.0 = Release|Any CPU
		{F66A2199-1B03-9257-81C7-97EBE4D4E4A0}.Debug|Any CPU.ActiveCfg = Debug|Any CPU
		{F66A2199-1B03-9257-81C7-97EBE4D4E4A0}.Debug|Any CPU.Build.0 = Debug|Any CPU
		{F66A2199-1B03-9257-81C7-97EBE4D4E4A0}.Release|Any CPU.ActiveCfg = Release|Any CPU
		{F66A2199-1B03-9257-81C7-97EBE4D4E4A0}.Release|Any CPU.Build.0 = Release|Any CPU
		{BF39DEA4-94B6-106D-F42A-55C497A4DA6B}.Debug|Any CPU.ActiveCfg = Debug|Any CPU
		{BF39DEA4-94B6-106D-F42A-55C497A4DA6B}.Debug|Any CPU.Build.0 = Debug|Any CPU
		{BF39DEA4-94B6-106D-F42A-55C497A4DA6B}.Release|Any CPU.ActiveCfg = Release|Any CPU
		{BF39DEA4-94B6-106D-F42A-55C497A4DA6B}.Release|Any CPU.Build.0 = Release|Any CPU
		{31C1B07A-67DC-8B78-B042-1F1C39ADABC8}.Debug|Any CPU.ActiveCfg = Debug|Any CPU
		{31C1B07A-67DC-8B78-B042-1F1C39ADABC8}.Debug|Any CPU.Build.0 = Debug|Any CPU
		{31C1B07A-67DC-8B78-B042-1F1C39ADABC8}.Release|Any CPU.ActiveCfg = Release|Any CPU
		{31C1B07A-67DC-8B78-B042-1F1C39ADABC8}.Release|Any CPU.Build.0 = Release|Any CPU
		{18E63A7E-BCCB-57FF-E8F9-DD674C84DD76}.Debug|Any CPU.ActiveCfg = Debug|Any CPU
		{18E63A7E-BCCB-57FF-E8F9-DD674C84DD76}.Debug|Any CPU.Build.0 = Debug|Any CPU
		{18E63A7E-BCCB-57FF-E8F9-DD674C84DD76}.Release|Any CPU.ActiveCfg = Release|Any CPU
		{18E63A7E-BCCB-57FF-E8F9-DD674C84DD76}.Release|Any CPU.Build.0 = Release|Any CPU
		{8FF60ED0-A5A9-D3CD-ED86-D8C2C7333073}.Debug|Any CPU.ActiveCfg = Debug|Any CPU
		{8FF60ED0-A5A9-D3CD-ED86-D8C2C7333073}.Debug|Any CPU.Build.0 = Debug|Any CPU
		{8FF60ED0-A5A9-D3CD-ED86-D8C2C7333073}.Release|Any CPU.ActiveCfg = Release|Any CPU
		{8FF60ED0-A5A9-D3CD-ED86-D8C2C7333073}.Release|Any CPU.Build.0 = Release|Any CPU
		{648C66D0-09DD-9FE7-D74D-343B7BCD8260}.Debug|Any CPU.ActiveCfg = Debug|Any CPU
		{648C66D0-09DD-9FE7-D74D-343B7BCD8260}.Debug|Any CPU.Build.0 = Debug|Any CPU
		{648C66D0-09DD-9FE7-D74D-343B7BCD8260}.Release|Any CPU.ActiveCfg = Release|Any CPU
		{648C66D0-09DD-9FE7-D74D-343B7BCD8260}.Release|Any CPU.Build.0 = Release|Any CPU
		{0EF64E0F-72CA-B8A7-0CB0-A3F1A9352898}.Debug|Any CPU.ActiveCfg = Debug|Any CPU
		{0EF64E0F-72CA-B8A7-0CB0-A3F1A9352898}.Debug|Any CPU.Build.0 = Debug|Any CPU
		{0EF64E0F-72CA-B8A7-0CB0-A3F1A9352898}.Release|Any CPU.ActiveCfg = Release|Any CPU
		{0EF64E0F-72CA-B8A7-0CB0-A3F1A9352898}.Release|Any CPU.Build.0 = Release|Any CPU
		{E00CAF8A-0D29-3F5C-B9EC-5068970BE021}.Debug|Any CPU.ActiveCfg = Debug|Any CPU
		{E00CAF8A-0D29-3F5C-B9EC-5068970BE021}.Debug|Any CPU.Build.0 = Debug|Any CPU
		{E00CAF8A-0D29-3F5C-B9EC-5068970BE021}.Release|Any CPU.ActiveCfg = Release|Any CPU
		{E00CAF8A-0D29-3F5C-B9EC-5068970BE021}.Release|Any CPU.Build.0 = Release|Any CPU
	EndGlobalSection
	GlobalSection(SolutionProperties) = preSolution
		HideSolutionNode = FALSE
	EndGlobalSection
EndGlobal
